
Microsoft Visual Studio Solution File, Format Version 12.00
# Visual Studio 15
Project("{FAE04EC0-301F-11D3-BF4B-00C04F79EFBC}") = "Boxophobic.Utils.Editor", "Boxophobic.Utils.Editor.csproj", "{8B19BE4B-7C47-7CD3-0E12-D078539FC540}"
EndProject
Project("{FAE04EC0-301F-11D3-BF4B-00C04F79EFBC}") = "Boxophobic.Utils.Scripts", "Boxophobic.Utils.Scripts.csproj", "{DD5C5AB0-879D-9D87-8093-F5CDCFC1AEF6}"
EndProject
Project("{FAE04EC0-301F-11D3-BF4B-00C04F79EFBC}") = "Assembly-CSharp", "Assembly-CSharp.csproj", "{34E33BA3-6332-2686-D64B-B50DA487B26F}"
EndProject
Project("{FAE04EC0-301F-11D3-BF4B-00C04F79EFBC}") = "Boxophobic.SkyboxCubemapExtended.Editor", "Boxophobic.SkyboxCubemapExtended.Editor.csproj", "{7874E0DE-A43B-F97A-2DBD-704C72A5F13E}"
EndProject
Global
	GlobalSection(SolutionConfigurationPlatforms) = preSolution
		Debug|Any CPU = Debug|Any CPU
		Release|Any CPU = Release|Any CPU
	EndGlobalSection
	GlobalSection(ProjectConfigurationPlatforms) = postSolution
		{8B19BE4B-7C47-7CD3-0E12-D078539FC540}.Debug|Any CPU.ActiveCfg = Debug|Any CPU
		{8B19BE4B-7C47-7CD3-0E12-D078539FC540}.Debug|Any CPU.Build.0 = Debug|Any CPU
		{8B19BE4B-7C47-7CD3-0E12-D078539FC540}.Release|Any CPU.ActiveCfg = Release|Any CPU
		{8B19BE4B-7C47-7CD3-0E12-D078539FC540}.Release|Any CPU.Build.0 = Release|Any CPU
		{DD5C5AB0-879D-9D87-8093-F5CDCFC1AEF6}.Debug|Any CPU.ActiveCfg = Debug|Any CPU
		{DD5C5AB0-879D-9D87-8093-F5CDCFC1AEF6}.Debug|Any CPU.Build.0 = Debug|Any CPU
		{DD5C5AB0-879D-9D87-8093-F5CDCFC1AEF6}.Release|Any CPU.ActiveCfg = Release|Any CPU
		{DD5C5AB0-879D-9D87-8093-F5CDCFC1AEF6}.Release|Any CPU.Build.0 = Release|Any CPU
		{34E33BA3-6332-2686-D64B-B50DA487B26F}.Debug|Any CPU.ActiveCfg = Debug|Any CPU
		{34E33BA3-6332-2686-D64B-B50DA487B26F}.Debug|Any CPU.Build.0 = Debug|Any CPU
		{34E33BA3-6332-2686-D64B-B50DA487B26F}.Release|Any CPU.ActiveCfg = Release|Any CPU
		{34E33BA3-6332-2686-D64B-B50DA487B26F}.Release|Any CPU.Build.0 = Release|Any CPU
		{7874E0DE-A43B-F97A-2DBD-704C72A5F13E}.Debug|Any CPU.ActiveCfg = Debug|Any CPU
		{7874E0DE-A43B-F97A-2DBD-704C72A5F13E}.Debug|Any CPU.Build.0 = Debug|Any CPU
		{7874E0DE-A43B-F97A-2DBD-704C72A5F13E}.Release|Any CPU.ActiveCfg = Release|Any CPU
		{7874E0DE-A43B-F97A-2DBD-704C72A5F13E}.Release|Any CPU.Build.0 = Release|Any CPU
	EndGlobalSection
	GlobalSection(SolutionProperties) = preSolution
		HideSolutionNode = FALSE
	EndGlobalSection
EndGlobal
